
Microsoft Visual Studio Solution File, Format Version 12.00
# Visual Studio Version 17
VisualStudioVersion = 17.7.34031.279
MinimumVisualStudioVersion = 10.0.40219.1
Project("{2150E333-8FDC-42A3-9474-1A3956D46DE8}") = "Solution items", "Solution items", "{155E26B1-5423-4ED4-BED0-24B2C058C795}"
	ProjectSection(SolutionItems) = preProject
		global.json = global.json
		README.md = README.md
	EndProjectSection
EndProject
Project("{2150E333-8FDC-42A3-9474-1A3956D46DE8}") = "src", "src", "{6A7F367D-5EE9-42AD-9B26-BA5260201631}"
	ProjectSection(SolutionItems) = preProject
		docker-compose.override.yml = docker-compose.override.yml
		docker-compose.yml = docker-compose.yml
	EndProjectSection
EndProject
Project("{2150E333-8FDC-42A3-9474-1A3956D46DE8}") = "ApiGateways", "ApiGateways", "{AAD254FD-96C1-4C0F-A775-43B5B3C687BB}"
EndProject
Project("{2150E333-8FDC-42A3-9474-1A3956D46DE8}") = "BuildingBlocks", "BuildingBlocks", "{F29CBD30-DB3B-4E0F-A0CE-F9925C5E7CAD}"
EndProject
Project("{2150E333-8FDC-42A3-9474-1A3956D46DE8}") = "Services", "Services", "{FEA28C19-3119-4565-B352-359C322687D0}"
EndProject
Project("{2150E333-8FDC-42A3-9474-1A3956D46DE8}") = "WebApps", "WebApps", "{29D31852-EFD3-4948-877D-4A5F78F551F7}"
EndProject
Project("{FAE04EC0-301F-11D3-BF4B-00C04F79EFBC}") = "Common.Logging", "src\BuildingBlocks\Common.Logging\Common.Logging.csproj", "{C6EB43B2-9E62-42D5-8D06-43198CE2CA42}"
EndProject
Project("{FAE04EC0-301F-11D3-BF4B-00C04F79EFBC}") = "EventBus.Messages", "src\BuildingBlocks\EventBus.Messages\EventBus.Messages.csproj", "{52BA731C-359B-4729-86F1-AE2270BDC8E7}"
EndProject
Project("{2150E333-8FDC-42A3-9474-1A3956D46DE8}") = "Product", "Product", "{BA81EB91-FB44-474D-9F84-9E3B7EC84453}"
EndProject
Project("{2150E333-8FDC-42A3-9474-1A3956D46DE8}") = "Customer", "Customer", "{83964E08-CF3C-4C33-B0C4-EEC56FB852CE}"
EndProject
Project("{2150E333-8FDC-42A3-9474-1A3956D46DE8}") = "Basket", "Basket", "{B934DF8D-16BF-40CF-8B04-08ACF135B498}"
EndProject
Project("{2150E333-8FDC-42A3-9474-1A3956D46DE8}") = "Inventory", "Inventory", "{A67787FF-DD23-489B-9CAC-E9BD37AA3430}"
EndProject
Project("{2150E333-8FDC-42A3-9474-1A3956D46DE8}") = "Ordering", "Ordering", "{A9F2BECD-085D-4104-8A02-65D83A4BB468}"
EndProject
Project("{2150E333-8FDC-42A3-9474-1A3956D46DE8}") = "ScheduledJob", "ScheduledJob", "{57B92759-7F6B-460E-8BE4-2BFE4D846A9E}"
EndProject
Project("{FAE04EC0-301F-11D3-BF4B-00C04F79EFBC}") = "WebHealthStatus", "src\WebApps\WebHealthStatus\WebHealthStatus.csproj", "{E34A6B94-9FAD-44E5-9E92-2415A3740BBA}"
EndProject
Project("{FAE04EC0-301F-11D3-BF4B-00C04F79EFBC}") = "Basket.API", "src\Services\Basket.API\Basket.API.csproj", "{1C84DF1D-0495-43F8-9247-6007CDAE7735}"
EndProject
Project("{FAE04EC0-301F-11D3-BF4B-00C04F79EFBC}") = "Customer.API", "src\Services\Customer.API\Customer.API.csproj", "{180934ED-848C-434E-ABB2-D284868ACCC9}"
EndProject
Project("{FAE04EC0-301F-11D3-BF4B-00C04F79EFBC}") = "Iventory.Product.API", "src\Services\Iventory.Product.API\Iventory.Product.API.csproj", "{07A0E701-4F9F-4B9B-AD5E-AFD5D9B8D7EC}"
EndProject
Project("{FAE04EC0-301F-11D3-BF4B-00C04F79EFBC}") = "Ordering.API", "src\Services\Ordering.API\Ordering.API.csproj", "{4855FBBE-F462-4795-930C-B6ABCEA46E2A}"
EndProject
Project("{FAE04EC0-301F-11D3-BF4B-00C04F79EFBC}") = "Product.API", "src\Services\Product.API\Product.API.csproj", "{99054F03-05A6-49EB-B5EC-C1A52E6A6867}"
EndProject
Project("{FAE04EC0-301F-11D3-BF4B-00C04F79EFBC}") = "Hangfire.API", "src\Services\Hangfire.API\Hangfire.API.csproj", "{CFCBEDB5-A5F7-4844-9CAF-8F37066003DE}"
EndProject
Project("{FAE04EC0-301F-11D3-BF4B-00C04F79EFBC}") = "Contracts", "src\BuildingBlocks\Contracts\Contracts.csproj", "{2265872D-6E5B-4F4A-9401-90FC2C8297D9}"
EndProject
Project("{FAE04EC0-301F-11D3-BF4B-00C04F79EFBC}") = "Infrastructure", "src\BuildingBlocks\Infrastructure\Infrastructure.csproj", "{1B0589CB-42FC-45C0-8CA1-D3597AAB30A6}"
EndProject
Project("{FAE04EC0-301F-11D3-BF4B-00C04F79EFBC}") = "Shared", "src\BuildingBlocks\Shared\Shared.csproj", "{DEF6DD8E-BA70-4050-B16D-C0516B6D3DCA}"
EndProject
Project("{FAE04EC0-301F-11D3-BF4B-00C04F79EFBC}") = "OcelotApiGw", "src\ApiGateways\OcelotApiGw\OcelotApiGw.csproj", "{23F366CE-7427-46EF-A000-554068E4F9B9}"
EndProject
Global
	GlobalSection(SolutionConfigurationPlatforms) = preSolution
		Debug|Any CPU = Debug|Any CPU
		Release|Any CPU = Release|Any CPU
	EndGlobalSection
	GlobalSection(ProjectConfigurationPlatforms) = postSolution
		{C6EB43B2-9E62-42D5-8D06-43198CE2CA42}.Debug|Any CPU.ActiveCfg = Debug|Any CPU
		{C6EB43B2-9E62-42D5-8D06-43198CE2CA42}.Debug|Any CPU.Build.0 = Debug|Any CPU
		{C6EB43B2-9E62-42D5-8D06-43198CE2CA42}.Release|Any CPU.ActiveCfg = Release|Any CPU
		{C6EB43B2-9E62-42D5-8D06-43198CE2CA42}.Release|Any CPU.Build.0 = Release|Any CPU
		{52BA731C-359B-4729-86F1-AE2270BDC8E7}.Debug|Any CPU.ActiveCfg = Debug|Any CPU
		{52BA731C-359B-4729-86F1-AE2270BDC8E7}.Debug|Any CPU.Build.0 = Debug|Any CPU
		{52BA731C-359B-4729-86F1-AE2270BDC8E7}.Release|Any CPU.ActiveCfg = Release|Any CPU
		{52BA731C-359B-4729-86F1-AE2270BDC8E7}.Release|Any CPU.Build.0 = Release|Any CPU
		{E34A6B94-9FAD-44E5-9E92-2415A3740BBA}.Debug|Any CPU.ActiveCfg = Debug|Any CPU
		{E34A6B94-9FAD-44E5-9E92-2415A3740BBA}.Debug|Any CPU.Build.0 = Debug|Any CPU
		{E34A6B94-9FAD-44E5-9E92-2415A3740BBA}.Release|Any CPU.ActiveCfg = Release|Any CPU
		{E34A6B94-9FAD-44E5-9E92-2415A3740BBA}.Release|Any CPU.Build.0 = Release|Any CPU
		{1C84DF1D-0495-43F8-9247-6007CDAE7735}.Debug|Any CPU.ActiveCfg = Debug|Any CPU
		{1C84DF1D-0495-43F8-9247-6007CDAE7735}.Debug|Any CPU.Build.0 = Debug|Any CPU
		{1C84DF1D-0495-43F8-9247-6007CDAE7735}.Release|Any CPU.ActiveCfg = Release|Any CPU
		{1C84DF1D-0495-43F8-9247-6007CDAE7735}.Release|Any CPU.Build.0 = Release|Any CPU
		{180934ED-848C-434E-ABB2-D284868ACCC9}.Debug|Any CPU.ActiveCfg = Debug|Any CPU
		{180934ED-848C-434E-ABB2-D284868ACCC9}.Debug|Any CPU.Build.0 = Debug|Any CPU
		{180934ED-848C-434E-ABB2-D284868ACCC9}.Release|Any CPU.ActiveCfg = Release|Any CPU
		{180934ED-848C-434E-ABB2-D284868ACCC9}.Release|Any CPU.Build.0 = Release|Any CPU
		{07A0E701-4F9F-4B9B-AD5E-AFD5D9B8D7EC}.Debug|Any CPU.ActiveCfg = Debug|Any CPU
		{07A0E701-4F9F-4B9B-AD5E-AFD5D9B8D7EC}.Debug|Any CPU.Build.0 = Debug|Any CPU
		{07A0E701-4F9F-4B9B-AD5E-AFD5D9B8D7EC}.Release|Any CPU.ActiveCfg = Release|Any CPU
		{07A0E701-4F9F-4B9B-AD5E-AFD5D9B8D7EC}.Release|Any CPU.Build.0 = Release|Any CPU
		{4855FBBE-F462-4795-930C-B6ABCEA46E2A}.Debug|Any CPU.ActiveCfg = Debug|Any CPU
		{4855FBBE-F462-4795-930C-B6ABCEA46E2A}.Debug|Any CPU.Build.0 = Debug|Any CPU
		{4855FBBE-F462-4795-930C-B6ABCEA46E2A}.Release|Any CPU.ActiveCfg = Release|Any CPU
		{4855FBBE-F462-4795-930C-B6ABCEA46E2A}.Release|Any CPU.Build.0 = Release|Any CPU
		{99054F03-05A6-49EB-B5EC-C1A52E6A6867}.Debug|Any CPU.ActiveCfg = Debug|Any CPU
		{99054F03-05A6-49EB-B5EC-C1A52E6A6867}.Debug|Any CPU.Build.0 = Debug|Any CPU
		{99054F03-05A6-49EB-B5EC-C1A52E6A6867}.Release|Any CPU.ActiveCfg = Release|Any CPU
		{99054F03-05A6-49EB-B5EC-C1A52E6A6867}.Release|Any CPU.Build.0 = Release|Any CPU
		{CFCBEDB5-A5F7-4844-9CAF-8F37066003DE}.Debug|Any CPU.ActiveCfg = Debug|Any CPU
		{CFCBEDB5-A5F7-4844-9CAF-8F37066003DE}.Debug|Any CPU.Build.0 = Debug|Any CPU
		{CFCBEDB5-A5F7-4844-9CAF-8F37066003DE}.Release|Any CPU.ActiveCfg = Release|Any CPU
		{CFCBEDB5-A5F7-4844-9CAF-8F37066003DE}.Release|Any CPU.Build.0 = Release|Any CPU
		{2265872D-6E5B-4F4A-9401-90FC2C8297D9}.Debug|Any CPU.ActiveCfg = Debug|Any CPU
		{2265872D-6E5B-4F4A-9401-90FC2C8297D9}.Debug|Any CPU.Build.0 = Debug|Any CPU
		{2265872D-6E5B-4F4A-9401-90FC2C8297D9}.Release|Any CPU.ActiveCfg = Release|Any CPU
		{2265872D-6E5B-4F4A-9401-90FC2C8297D9}.Release|Any CPU.Build.0 = Release|Any CPU
		{1B0589CB-42FC-45C0-8CA1-D3597AAB30A6}.Debug|Any CPU.ActiveCfg = Debug|Any CPU
		{1B0589CB-42FC-45C0-8CA1-D3597AAB30A6}.Debug|Any CPU.Build.0 = Debug|Any CPU
		{1B0589CB-42FC-45C0-8CA1-D3597AAB30A6}.Release|Any CPU.ActiveCfg = Release|Any CPU
		{1B0589CB-42FC-45C0-8CA1-D3597AAB30A6}.Release|Any CPU.Build.0 = Release|Any CPU
		{DEF6DD8E-BA70-4050-B16D-C0516B6D3DCA}.Debug|Any CPU.ActiveCfg = Debug|Any CPU
		{DEF6DD8E-BA70-4050-B16D-C0516B6D3DCA}.Debug|Any CPU.Build.0 = Debug|Any CPU
		{DEF6DD8E-BA70-4050-B16D-C0516B6D3DCA}.Release|Any CPU.ActiveCfg = Release|Any CPU
		{DEF6DD8E-BA70-4050-B16D-C0516B6D3DCA}.Release|Any CPU.Build.0 = Release|Any CPU
		{23F366CE-7427-46EF-A000-554068E4F9B9}.Debug|Any CPU.ActiveCfg = Debug|Any CPU
		{23F366CE-7427-46EF-A000-554068E4F9B9}.Debug|Any CPU.Build.0 = Debug|Any CPU
		{23F366CE-7427-46EF-A000-554068E4F9B9}.Release|Any CPU.ActiveCfg = Release|Any CPU
		{23F366CE-7427-46EF-A000-554068E4F9B9}.Release|Any CPU.Build.0 = Release|Any CPU
	EndGlobalSection
	GlobalSection(SolutionProperties) = preSolution
		HideSolutionNode = FALSE
	EndGlobalSection
	GlobalSection(NestedProjects) = preSolution
		{AAD254FD-96C1-4C0F-A775-43B5B3C687BB} = {6A7F367D-5EE9-42AD-9B26-BA5260201631}
		{F29CBD30-DB3B-4E0F-A0CE-F9925C5E7CAD} = {6A7F367D-5EE9-42AD-9B26-BA5260201631}
		{FEA28C19-3119-4565-B352-359C322687D0} = {6A7F367D-5EE9-42AD-9B26-BA5260201631}
		{29D31852-EFD3-4948-877D-4A5F78F551F7} = {6A7F367D-5EE9-42AD-9B26-BA5260201631}
		{C6EB43B2-9E62-42D5-8D06-43198CE2CA42} = {F29CBD30-DB3B-4E0F-A0CE-F9925C5E7CAD}
		{52BA731C-359B-4729-86F1-AE2270BDC8E7} = {F29CBD30-DB3B-4E0F-A0CE-F9925C5E7CAD}
		{BA81EB91-FB44-474D-9F84-9E3B7EC84453} = {FEA28C19-3119-4565-B352-359C322687D0}
		{83964E08-CF3C-4C33-B0C4-EEC56FB852CE} = {FEA28C19-3119-4565-B352-359C322687D0}
		{B934DF8D-16BF-40CF-8B04-08ACF135B498} = {FEA28C19-3119-4565-B352-359C322687D0}
		{A67787FF-DD23-489B-9CAC-E9BD37AA3430} = {FEA28C19-3119-4565-B352-359C322687D0}
		{A9F2BECD-085D-4104-8A02-65D83A4BB468} = {FEA28C19-3119-4565-B352-359C322687D0}
		{57B92759-7F6B-460E-8BE4-2BFE4D846A9E} = {FEA28C19-3119-4565-B352-359C322687D0}
		{E34A6B94-9FAD-44E5-9E92-2415A3740BBA} = {29D31852-EFD3-4948-877D-4A5F78F551F7}
		{1C84DF1D-0495-43F8-9247-6007CDAE7735} = {B934DF8D-16BF-40CF-8B04-08ACF135B498}
		{180934ED-848C-434E-ABB2-D284868ACCC9} = {83964E08-CF3C-4C33-B0C4-EEC56FB852CE}
		{07A0E701-4F9F-4B9B-AD5E-AFD5D9B8D7EC} = {A67787FF-DD23-489B-9CAC-E9BD37AA3430}
		{4855FBBE-F462-4795-930C-B6ABCEA46E2A} = {A9F2BECD-085D-4104-8A02-65D83A4BB468}
		{99054F03-05A6-49EB-B5EC-C1A52E6A6867} = {BA81EB91-FB44-474D-9F84-9E3B7EC84453}
		{CFCBEDB5-A5F7-4844-9CAF-8F37066003DE} = {57B92759-7F6B-460E-8BE4-2BFE4D846A9E}
		{2265872D-6E5B-4F4A-9401-90FC2C8297D9} = {F29CBD30-DB3B-4E0F-A0CE-F9925C5E7CAD}
		{1B0589CB-42FC-45C0-8CA1-D3597AAB30A6} = {F29CBD30-DB3B-4E0F-A0CE-F9925C5E7CAD}
		{DEF6DD8E-BA70-4050-B16D-C0516B6D3DCA} = {F29CBD30-DB3B-4E0F-A0CE-F9925C5E7CAD}
		{23F366CE-7427-46EF-A000-554068E4F9B9} = {AAD254FD-96C1-4C0F-A775-43B5B3C687BB}
	EndGlobalSection
	GlobalSection(ExtensibilityGlobals) = postSolution
		SolutionGuid = {13B82654-8BFF-4F1A-98F5-5FD1D565852B}
	EndGlobalSection
EndGlobal
